// !$*UTF8*$!
{
	archiveVersion = 1;
	classes = {
	};
	objectVersion = 55;
	objects = {

/* Begin PBXBuildFile section */
		6750F866271D2A4400BD7F03 /* App1App.swift in Sources */ = {isa = PBXBuildFile; fileRef = 6750F865271D2A4400BD7F03 /* App1App.swift */; };
		6750F868271D2A4400BD7F03 /* ProfileView.swift in Sources */ = {isa = PBXBuildFile; fileRef = 6750F867271D2A4400BD7F03 /* ProfileView.swift */; };
		6750F86A271D2A4500BD7F03 /* Assets.xcassets in Resources */ = {isa = PBXBuildFile; fileRef = 6750F869271D2A4500BD7F03 /* Assets.xcassets */; };
		6750F86D271D2A4500BD7F03 /* Preview Assets.xcassets in Resources */ = {isa = PBXBuildFile; fileRef = 6750F86C271D2A4500BD7F03 /* Preview Assets.xcassets */; };
		6750F874271D2A7C00BD7F03 /* TextView.swift in Sources */ = {isa = PBXBuildFile; fileRef = 6750F873271D2A7C00BD7F03 /* TextView.swift */; };
		6750F878271D2CA500BD7F03 /* Gluten-Black.ttf in Resources */ = {isa = PBXBuildFile; fileRef = 6750F877271D2CA500BD7F03 /* Gluten-Black.ttf */; };
		6750F87A271D2CAF00BD7F03 /* Gluten-Bold.ttf in Resources */ = {isa = PBXBuildFile; fileRef = 6750F879271D2CAF00BD7F03 /* Gluten-Bold.ttf */; };
		6750F87C271D2CBA00BD7F03 /* Gluten-Regular.ttf in Resources */ = {isa = PBXBuildFile; fileRef = 6750F87B271D2CBA00BD7F03 /* Gluten-Regular.ttf */; };
		6750F87E271D31B100BD7F03 /* Fonts.swift in Sources */ = {isa = PBXBuildFile; fileRef = 6750F87D271D31B100BD7F03 /* Fonts.swift */; };
		6750F880271D415200BD7F03 /* Colors.xcassets in Resources */ = {isa = PBXBuildFile; fileRef = 6750F87F271D415200BD7F03 /* Colors.xcassets */; };
/* End PBXBuildFile section */

/* Begin PBXFileReference section */
		6750F862271D2A4400BD7F03 /* App1.app */ = {isa = PBXFileReference; explicitFileType = wrapper.application; includeInIndex = 0; path = App1.app; sourceTree = BUILT_PRODUCTS_DIR; };
		6750F865271D2A4400BD7F03 /* App1App.swift */ = {isa = PBXFileReference; lastKnownFileType = sourcecode.swift; path = App1App.swift; sourceTree = "<group>"; };
		6750F867271D2A4400BD7F03 /* ProfileView.swift */ = {isa = PBXFileReference; lastKnownFileType = sourcecode.swift; path = ProfileView.swift; sourceTree = "<group>"; };
		6750F869271D2A4500BD7F03 /* Assets.xcassets */ = {isa = PBXFileReference; lastKnownFileType = folder.assetcatalog; path = Assets.xcassets; sourceTree = "<group>"; };
		6750F86C271D2A4500BD7F03 /* Preview Assets.xcassets */ = {isa = PBXFileReference; lastKnownFileType = folder.assetcatalog; path = "Preview Assets.xcassets"; sourceTree = "<group>"; };
		6750F873271D2A7C00BD7F03 /* TextView.swift */ = {isa = PBXFileReference; lastKnownFileType = sourcecode.swift; path = TextView.swift; sourceTree = "<group>"; };
		6750F875271D2C5500BD7F03 /* Info.plist */ = {isa = PBXFileReference; lastKnownFileType = text.plist; path = Info.plist; sourceTree = "<group>"; };
		6750F877271D2CA500BD7F03 /* Gluten-Black.ttf */ = {isa = PBXFileReference; lastKnownFileType = file; path = "Gluten-Black.ttf"; sourceTree = "<group>"; };
		6750F879271D2CAF00BD7F03 /* Gluten-Bold.ttf */ = {isa = PBXFileReference; lastKnownFileType = file; path = "Gluten-Bold.ttf"; sourceTree = "<group>"; };
		6750F87B271D2CBA00BD7F03 /* Gluten-Regular.ttf */ = {isa = PBXFileReference; lastKnownFileType = file; path = "Gluten-Regular.ttf"; sourceTree = "<group>"; };
		6750F87D271D31B100BD7F03 /* Fonts.swift */ = {isa = PBXFileReference; lastKnownFileType = sourcecode.swift; path = Fonts.swift; sourceTree = "<group>"; };
		6750F87F271D415200BD7F03 /* Colors.xcassets */ = {isa = PBXFileReference; lastKnownFileType = folder.assetcatalog; path = Colors.xcassets; sourceTree = "<group>"; };
/* End PBXFileReference section */

/* Begin PBXFrameworksBuildPhase section */
		6750F85F271D2A4400BD7F03 /* Frameworks */ = {
			isa = PBXFrameworksBuildPhase;
			buildActionMask = 2147483647;
			files = (
			);
			runOnlyForDeploymentPostprocessing = 0;
		};
/* End PBXFrameworksBuildPhase section */

/* Begin PBXGroup section */
		6750F859271D2A4400BD7F03 = {
			isa = PBXGroup;
			children = (
				6750F864271D2A4400BD7F03 /* App1 */,
				6750F863271D2A4400BD7F03 /* Products */,
			);
			sourceTree = "<group>";
		};
		6750F863271D2A4400BD7F03 /* Products */ = {
			isa = PBXGroup;
			children = (
				6750F862271D2A4400BD7F03 /* App1.app */,
			);
			name = Products;
			sourceTree = "<group>";
		};
		6750F864271D2A4400BD7F03 /* App1 */ = {
			isa = PBXGroup;
			children = (
				6750F876271D2C8800BD7F03 /* Fonts */,
				6750F875271D2C5500BD7F03 /* Info.plist */,
				6750F865271D2A4400BD7F03 /* App1App.swift */,
				6750F867271D2A4400BD7F03 /* ProfileView.swift */,
				6750F87F271D415200BD7F03 /* Colors.xcassets */,
				6750F873271D2A7C00BD7F03 /* TextView.swift */,
				6750F869271D2A4500BD7F03 /* Assets.xcassets */,
				6750F86B271D2A4500BD7F03 /* Preview Content */,
			);
			path = App1;
			sourceTree = "<group>";
		};
		6750F86B271D2A4500BD7F03 /* Preview Content */ = {
			isa = PBXGroup;
			children = (
				6750F86C271D2A4500BD7F03 /* Preview Assets.xcassets */,
			);
			path = "Preview Content";
			sourceTree = "<group>";
		};
		6750F876271D2C8800BD7F03 /* Fonts */ = {
			isa = PBXGroup;
			children = (
				6750F877271D2CA500BD7F03 /* Gluten-Black.ttf */,
				6750F87B271D2CBA00BD7F03 /* Gluten-Regular.ttf */,
				6750F879271D2CAF00BD7F03 /* Gluten-Bold.ttf */,
				6750F87D271D31B100BD7F03 /* Fonts.swift */,
			);
			path = Fonts;
			sourceTree = "<group>";
		};
/* End PBXGroup section */

/* Begin PBXNativeTarget section */
		6750F861271D2A4400BD7F03 /* App1 */ = {
			isa = PBXNativeTarget;
			buildConfigurationList = 6750F870271D2A4500BD7F03 /* Build configuration list for PBXNativeTarget "App1" */;
			buildPhases = (
				6750F85E271D2A4400BD7F03 /* Sources */,
				6750F85F271D2A4400BD7F03 /* Frameworks */,
				6750F860271D2A4400BD7F03 /* Resources */,
			);
			buildRules = (
			);
			dependencies = (
			);
			name = App1;
			productName = App1;
			productReference = 6750F862271D2A4400BD7F03 /* App1.app */;
			productType = "com.apple.product-type.application";
		};
/* End PBXNativeTarget section */

/* Begin PBXProject section */
		6750F85A271D2A4400BD7F03 /* Project object */ = {
			isa = PBXProject;
			attributes = {
				BuildIndependentTargetsInParallel = 1;
				LastSwiftUpdateCheck = 1300;
				LastUpgradeCheck = 1300;
				TargetAttributes = {
					6750F861271D2A4400BD7F03 = {
						CreatedOnToolsVersion = 13.0;
					};
				};
			};
			buildConfigurationList = 6750F85D271D2A4400BD7F03 /* Build configuration list for PBXProject "App1" */;
			compatibilityVersion = "Xcode 13.0";
			developmentRegion = en;
			hasScannedForEncodings = 0;
			knownRegions = (
				en,
				Base,
			);
			mainGroup = 6750F859271D2A4400BD7F03;
			productRefGroup = 6750F863271D2A4400BD7F03 /* Products */;
			projectDirPath = "";
			projectRoot = "";
			targets = (
				6750F861271D2A4400BD7F03 /* App1 */,
			);
		};
/* End PBXProject section */

/* Begin PBXResourcesBuildPhase section */
		6750F860271D2A4400BD7F03 /* Resources */ = {
			isa = PBXResourcesBuildPhase;
			buildActionMask = 2147483647;
			files = (
				6750F87C271D2CBA00BD7F03 /* Gluten-Regular.ttf in Resources */,
				6750F87A271D2CAF00BD7F03 /* Gluten-Bold.ttf in Resources */,
				6750F878271D2CA500BD7F03 /* Gluten-Black.ttf in Resources */,
				6750F880271D415200BD7F03 /* Colors.xcassets in Resources */,
				6750F86D271D2A4500BD7F03 /* Preview Assets.xcassets in Resources */,
				6750F86A271D2A4500BD7F03 /* Assets.xcassets in Resources */,
			);
			runOnlyForDeploymentPostprocessing = 0;
		};
/* End PBXResourcesBuildPhase section */

/* Begin PBXSourcesBuildPhase section */
		6750F85E271D2A4400BD7F03 /* Sources */ = {
			isa = PBXSourcesBuildPhase;
			buildActionMask = 2147483647;
			files = (
				6750F87E271D31B100BD7F03 /* Fonts.swift in Sources */,
				6750F874271D2A7C00BD7F03 /* TextView.swift in Sources */,
				6750F868271D2A4400BD7F03 /* ProfileView.swift in Sources */,
				6750F866271D2A4400BD7F03 /* App1App.swift in Sources */,
			);
			runOnlyForDeploymentPostprocessing = 0;
		};
/* End PBXSourcesBuildPhase section */

/* Begin XCBuildConfiguration section */
		6750F86E271D2A4500BD7F03 /* Debug */ = {
			isa = XCBuildConfiguration;
			buildSettings = {
				ALWAYS_SEARCH_USER_PATHS = NO;
				CLANG_ANALYZER_NONNULL = YES;
				CLANG_ANALYZER_NUMBER_OBJECT_CONVERSION = YES_AGGRESSIVE;
				CLANG_CXX_LANGUAGE_STANDARD = "gnu++17";
				CLANG_CXX_LIBRARY = "libc++";
				CLANG_ENABLE_MODULES = YES;
				CLANG_ENABLE_OBJC_ARC = YES;
				CLANG_ENABLE_OBJC_WEAK = YES;
				CLANG_WARN_BLOCK_CAPTURE_AUTORELEASING = YES;
				CLANG_WARN_BOOL_CONVERSION = YES;
				CLANG_WARN_COMMA = YES;
				CLANG_WARN_CONSTANT_CONVERSION = YES;
				CLANG_WARN_DEPRECATED_OBJC_IMPLEMENTATIONS = YES;
				CLANG_WARN_DIRECT_OBJC_ISA_USAGE = YES_ERROR;
				CLANG_WARN_DOCUMENTATION_COMMENTS = YES;
				CLANG_WARN_EMPTY_BODY = YES;
				CLANG_WARN_ENUM_CONVERSION = YES;
				CLANG_WARN_INFINITE_RECURSION = YES;
				CLANG_WARN_INT_CONVERSION = YES;
				CLANG_WARN_NON_LITERAL_NULL_CONVERSION = YES;
				CLANG_WARN_OBJC_IMPLICIT_RETAIN_SELF = YES;
				CLANG_WARN_OBJC_LITERAL_CONVERSION = YES;
				CLANG_WARN_OBJC_ROOT_CLASS = YES_ERROR;
				CLANG_WARN_QUOTED_INCLUDE_IN_FRAMEWORK_HEADER = YES;
				CLANG_WARN_RANGE_LOOP_ANALYSIS = YES;
				CLANG_WARN_STRICT_PROTOTYPES = YES;
				CLANG_WARN_SUSPICIOUS_MOVE = YES;
				CLANG_WARN_UNGUARDED_AVAILABILITY = YES_AGGRESSIVE;
				CLANG_WARN_UNREACHABLE_CODE = YES;
				CLANG_WARN__DUPLICATE_METHOD_MATCH = YES;
				COPY_PHASE_STRIP = NO;
				DEBUG_INFORMATION_FORMAT = dwarf;
				ENABLE_STRICT_OBJC_MSGSEND = YES;
				ENABLE_TESTABILITY = YES;
				GCC_C_LANGUAGE_STANDARD = gnu11;
				GCC_DYNAMIC_NO_PIC = NO;
				GCC_NO_COMMON_BLOCKS = YES;
				GCC_OPTIMIZATION_LEVEL = 0;
				GCC_PREPROCESSOR_DEFINITIONS = (
					"DEBUG=1",
					"$(inherited)",
				);
				GCC_WARN_64_TO_32_BIT_CONVERSION = YES;
				GCC_WARN_ABOUT_RETURN_TYPE = YES_ERROR;
				GCC_WARN_UNDECLARED_SELECTOR = YES;
				GCC_WARN_UNINITIALIZED_AUTOS = YES_AGGRESSIVE;
				GCC_WARN_UNUSED_FUNCTION = YES;
				GCC_WARN_UNUSED_VARIABLE = YES;
				IPHONEOS_DEPLOYMENT_TARGET = 15.0;
				MTL_ENABLE_DEBUG_INFO = INCLUDE_SOURCE;
				MTL_FAST_MATH = YES;
				ONLY_ACTIVE_ARCH = YES;
				SDKROOT = iphoneos;
				SWIFT_ACTIVE_COMPILATION_CONDITIONS = DEBUG;
				SWIFT_OPTIMIZATION_LEVEL = "-Onone";
			};
			name = Debug;
		};
		6750F86F271D2A4500BD7F03 /* Release */ = {
			isa = XCBuildConfiguration;
			buildSettings = {
				ALWAYS_SEARCH_USER_PATHS = NO;
				CLANG_ANALYZER_NONNULL = YES;
				CLANG_ANALYZER_NUMBER_OBJECT_CONVERSION = YES_AGGRESSIVE;
				CLANG_CXX_LANGUAGE_STANDARD = "gnu++17";
				CLANG_CXX_LIBRARY = "libc++";
				CLANG_ENABLE_MODULES = YES;
				CLANG_ENABLE_OBJC_ARC = YES;
				CLANG_ENABLE_OBJC_WEAK = YES;
				CLANG_WARN_BLOCK_CAPTURE_AUTORELEASING = YES;
				CLANG_WARN_BOOL_CONVERSION = YES;
				CLANG_WARN_COMMA = YES;
				CLANG_WARN_CONSTANT_CONVERSION = YES;
				CLANG_WARN_DEPRECATED_OBJC_IMPLEMENTATIONS = YES;
				CLANG_WARN_DIRECT_OBJC_ISA_USAGE = YES_ERROR;
				CLANG_WARN_DOCUMENTATION_COMMENTS = YES;
				CLANG_WARN_EMPTY_BODY = YES;
				CLANG_WARN_ENUM_CONVERSION = YES;
				CLANG_WARN_INFINITE_RECURSION = YES;
				CLANG_WARN_INT_CONVERSION = YES;
				CLANG_WARN_NON_LITERAL_NULL_CONVERSION = YES;
				CLANG_WARN_OBJC_IMPLICIT_RETAIN_SELF = YES;
				CLANG_WARN_OBJC_LITERAL_CONVERSION = YES;
				CLANG_WARN_OBJC_ROOT_CLASS = YES_ERROR;
				CLANG_WARN_QUOTED_INCLUDE_IN_FRAMEWORK_HEADER = YES;
				CLANG_WARN_RANGE_LOOP_ANALYSIS = YES;
				CLANG_WARN_STRICT_PROTOTYPES = YES;
				CLANG_WARN_SUSPICIOUS_MOVE = YES;
				CLANG_WARN_UNGUARDED_AVAILABILITY = YES_AGGRESSIVE;
				CLANG_WARN_UNREACHABLE_CODE = YES;
				CLANG_WARN__DUPLICATE_METHOD_MATCH = YES;
				COPY_PHASE_STRIP = NO;
				DEBUG_INFORMATION_FORMAT = "dwarf-with-dsym";
				ENABLE_NS_ASSERTIONS = NO;
				ENABLE_STRICT_OBJC_MSGSEND = YES;
				GCC_C_LANGUAGE_STANDARD = gnu11;
				GCC_NO_COMMON_BLOCKS = YES;
				GCC_WARN_64_TO_32_BIT_CONVERSION = YES;
				GCC_WARN_ABOUT_RETURN_TYPE = YES_ERROR;
				GCC_WARN_UNDECLARED_SELECTOR = YES;
				GCC_WARN_UNINITIALIZED_AUTOS = YES_AGGRESSIVE;
				GCC_WARN_UNUSED_FUNCTION = YES;
				GCC_WARN_UNUSED_VARIABLE = YES;
				IPHONEOS_DEPLOYMENT_TARGET = 15.0;
				MTL_ENABLE_DEBUG_INFO = NO;
				MTL_FAST_MATH = YES;
				SDKROOT = iphoneos;
				SWIFT_COMPILATION_MODE = wholemodule;
				SWIFT_OPTIMIZATION_LEVEL = "-O";
				VALIDATE_PRODUCT = YES;
			};
			name = Release;
		};
		6750F871271D2A4500BD7F03 /* Debug */ = {
			isa = XCBuildConfiguration;
			buildSettings = {
				ASSETCATALOG_COMPILER_APPICON_NAME = AppIcon;
				ASSETCATALOG_COMPILER_GLOBAL_ACCENT_COLOR_NAME = AccentColor;
				CODE_SIGN_STYLE = Automatic;
				CURRENT_PROJECT_VERSION = 1;
				DEVELOPMENT_ASSET_PATHS = "\"App1/Preview Content\"";
				DEVELOPMENT_TEAM = NXUPB9RZ73;
				ENABLE_PREVIEWS = YES;
				GENERATE_INFOPLIST_FILE = YES;
				INFOPLIST_FILE = App1/Info.plist;
				INFOPLIST_KEY_CFBundleDisplayName = "";
				INFOPLIST_KEY_LSApplicationCategoryType = "";
				INFOPLIST_KEY_UIApplicationSceneManifest_Generation = YES;
				INFOPLIST_KEY_UIApplicationSupportsIndirectInputEvents = YES;
				INFOPLIST_KEY_UILaunchScreen_Generation = YES;
				INFOPLIST_KEY_UISupportedInterfaceOrientations_iPad = "UIInterfaceOrientationPortrait UIInterfaceOrientationPortraitUpsideDown UIInterfaceOrientationLandscapeLeft UIInterfaceOrientationLandscapeRight";
				INFOPLIST_KEY_UISupportedInterfaceOrientations_iPhone = "UIInterfaceOrientationPortrait UIInterfaceOrientationLandscapeLeft UIInterfaceOrientationLandscapeRight";
				IPHONEOS_DEPLOYMENT_TARGET = 14.0;
				LD_RUNPATH_SEARCH_PATHS = (
					"$(inherited)",
					"@executable_path/Frameworks",
				);
				MARKETING_VERSION = 1.0;
				PRODUCT_BUNDLE_IDENTIFIER = A00827182.App1;
				PRODUCT_NAME = "$(TARGET_NAME)";
				SWIFT_EMIT_LOC_STRINGS = YES;
				SWIFT_VERSION = 5.0;
				TARGETED_DEVICE_FAMILY = "1,2";
			};
			name = Debug;
		};
		6750F872271D2A4500BD7F03 /* Release */ = {
			isa = XCBuildConfiguration;
			buildSettings = {
				ASSETCATALOG_COMPILER_APPICON_NAME = AppIcon;
				ASSETCATALOG_COMPILER_GLOBAL_ACCENT_COLOR_NAME = AccentColor;
				CODE_SIGN_STYLE = Automatic;
				CURRENT_PROJECT_VERSION = 1;
				DEVELOPMENT_ASSET_PATHS = "\"App1/Preview Content\"";
				DEVELOPMENT_TEAM = NXUPB9RZ73;
				ENABLE_PREVIEWS = YES;
				GENERATE_INFOPLIST_FILE = YES;
				INFOPLIST_FILE = App1/Info.plist;
				INFOPLIST_KEY_CFBundleDisplayName = "";
				INFOPLIST_KEY_LSApplicationCategoryType = "";
				INFOPLIST_KEY_UIApplicationSceneManifest_Generation = YES;
				INFOPLIST_KEY_UIApplicationSupportsIndirectInputEvents = YES;
				INFOPLIST_KEY_UILaunchScreen_Generation = YES;
				INFOPLIST_KEY_UISupportedInterfaceOrientations_iPad = "UIInterfaceOrientationPortrait UIInterfaceOrientationPortraitUpsideDown UIInterfaceOrientationLandscapeLeft UIInterfaceOrientationLandscapeRight";
				INFOPLIST_KEY_UISupportedInterfaceOrientations_iPhone = "UIInterfaceOrientationPortrait UIInterfaceOrientationLandscapeLeft UIInterfaceOrientationLandscapeRight";
				IPHONEOS_DEPLOYMENT_TARGET = 14.0;
				LD_RUNPATH_SEARCH_PATHS = (
					"$(inherited)",
					"@executable_path/Frameworks",
				);
				MARKETING_VERSION = 1.0;
				PRODUCT_BUNDLE_IDENTIFIER = A00827182.App1;
				PRODUCT_NAME = "$(TARGET_NAME)";
				SWIFT_EMIT_LOC_STRINGS = YES;
				SWIFT_VERSION = 5.0;
				TARGETED_DEVICE_FAMILY = "1,2";
			};
			name = Release;
		};
/* End XCBuildConfiguration section */

/* Begin XCConfigurationList section */
		6750F85D271D2A4400BD7F03 /* Build configuration list for PBXProject "App1" */ = {
			isa = XCConfigurationList;
			buildConfigurations = (
				6750F86E271D2A4500BD7F03 /* Debug */,
				6750F86F271D2A4500BD7F03 /* Release */,
			);
			defaultConfigurationIsVisible = 0;
			defaultConfigurationName = Release;
		};
		6750F870271D2A4500BD7F03 /* Build configuration list for PBXNativeTarget "App1" */ = {
			isa = XCConfigurationList;
			buildConfigurations = (
				6750F871271D2A4500BD7F03 /* Debug */,
				6750F872271D2A4500BD7F03 /* Release */,
			);
			defaultConfigurationIsVisible = 0;
			defaultConfigurationName = Release;
		};
/* End XCConfigurationList section */
	};
	rootObject = 6750F85A271D2A4400BD7F03 /* Project object */;
}
